// !$*UTF8*$!
{
	archiveVersion = 1;
	classes = {
	};
	objectVersion = 46;
	objects = {

/* Begin PBXBuildFile section */
		AA0B234C1BCC090E0050AC07 /* ArraySerializer.m in Sources */ = {isa = PBXBuildFile; fileRef = AA0B23091BCC090D0050AC07 /* ArraySerializer.m */; settings = {ASSET_TAGS = (); }; };
		AA0B234D1BCC090E0050AC07 /* CollectionsEmptyListSerializer.m in Sources */ = {isa = PBXBuildFile; fileRef = AA0B230B1BCC090D0050AC07 /* CollectionsEmptyListSerializer.m */; settings = {ASSET_TAGS = (); }; };
		AA0B234E1BCC090E0050AC07 /* CollectionsEmptyMapSerializer.m in Sources */ = {isa = PBXBuildFile; fileRef = AA0B230D1BCC090D0050AC07 /* CollectionsEmptyMapSerializer.m */; settings = {ASSET_TAGS = (); }; };
		AA0B234F1BCC090E0050AC07 /* CollectionsEmptySetSerializer.m in Sources */ = {isa = PBXBuildFile; fileRef = AA0B230F1BCC090D0050AC07 /* CollectionsEmptySetSerializer.m */; settings = {ASSET_TAGS = (); }; };
		AA0B23501BCC090E0050AC07 /* CollectionsSingletonListSerializer.m in Sources */ = {isa = PBXBuildFile; fileRef = AA0B23111BCC090D0050AC07 /* CollectionsSingletonListSerializer.m */; settings = {ASSET_TAGS = (); }; };
		AA0B23511BCC090E0050AC07 /* CollectionsSingletonMapSerializer.m in Sources */ = {isa = PBXBuildFile; fileRef = AA0B23131BCC090D0050AC07 /* CollectionsSingletonMapSerializer.m */; settings = {ASSET_TAGS = (); }; };
		AA0B23521BCC090E0050AC07 /* CollectionsSingletonSetSerializer.m in Sources */ = {isa = PBXBuildFile; fileRef = AA0B23151BCC090D0050AC07 /* CollectionsSingletonSetSerializer.m */; settings = {ASSET_TAGS = (); }; };
		AA0B23531BCC090E0050AC07 /* CompatibleFieldSerializer.m in Sources */ = {isa = PBXBuildFile; fileRef = AA0B23161BCC090D0050AC07 /* CompatibleFieldSerializer.m */; settings = {ASSET_TAGS = (); }; };
		AA0B23541BCC090E0050AC07 /* DataSerializer.m in Sources */ = {isa = PBXBuildFile; fileRef = AA0B23181BCC090D0050AC07 /* DataSerializer.m */; settings = {ASSET_TAGS = (); }; };
		AA0B23551BCC090E0050AC07 /* DateSerializer.m in Sources */ = {isa = PBXBuildFile; fileRef = AA0B231A1BCC090D0050AC07 /* DateSerializer.m */; settings = {ASSET_TAGS = (); }; };
		AA0B23561BCC090E0050AC07 /* EnumSerializer.m in Sources */ = {isa = PBXBuildFile; fileRef = AA0B231C1BCC090D0050AC07 /* EnumSerializer.m */; settings = {ASSET_TAGS = (); }; };
		AA0B23571BCC090E0050AC07 /* Field.m in Sources */ = {isa = PBXBuildFile; fileRef = AA0B231E1BCC090D0050AC07 /* Field.m */; settings = {ASSET_TAGS = (); }; };
		AA0B23581BCC090E0050AC07 /* FieldSerializer.m in Sources */ = {isa = PBXBuildFile; fileRef = AA0B231F1BCC090D0050AC07 /* FieldSerializer.m */; settings = {ASSET_TAGS = (); }; };
		AA0B23591BCC090E0050AC07 /* JBooleanArraySerializer.m in Sources */ = {isa = PBXBuildFile; fileRef = AA0B23211BCC090E0050AC07 /* JBooleanArraySerializer.m */; settings = {ASSET_TAGS = (); }; };
		AA0B235A1BCC090E0050AC07 /* JBooleanSerializer.m in Sources */ = {isa = PBXBuildFile; fileRef = AA0B23231BCC090E0050AC07 /* JBooleanSerializer.m */; settings = {ASSET_TAGS = (); }; };
		AA0B235B1BCC090E0050AC07 /* JByteSerializer.m in Sources */ = {isa = PBXBuildFile; fileRef = AA0B23251BCC090E0050AC07 /* JByteSerializer.m */; settings = {ASSET_TAGS = (); }; };
		AA0B235C1BCC090E0050AC07 /* JCharacterArraySerializer.m in Sources */ = {isa = PBXBuildFile; fileRef = AA0B23271BCC090E0050AC07 /* JCharacterArraySerializer.m */; settings = {ASSET_TAGS = (); }; };
		AA0B235D1BCC090E0050AC07 /* JCharacterSerializer.m in Sources */ = {isa = PBXBuildFile; fileRef = AA0B23291BCC090E0050AC07 /* JCharacterSerializer.m */; settings = {ASSET_TAGS = (); }; };
		AA0B235E1BCC090E0050AC07 /* JDoubleArraySerializer.m in Sources */ = {isa = PBXBuildFile; fileRef = AA0B232B1BCC090E0050AC07 /* JDoubleArraySerializer.m */; settings = {ASSET_TAGS = (); }; };
		AA0B235F1BCC090E0050AC07 /* JDoubleSerializer.m in Sources */ = {isa = PBXBuildFile; fileRef = AA0B232D1BCC090E0050AC07 /* JDoubleSerializer.m */; settings = {ASSET_TAGS = (); }; };
		AA0B23601BCC090E0050AC07 /* JFloatArraySerializer.m in Sources */ = {isa = PBXBuildFile; fileRef = AA0B232F1BCC090E0050AC07 /* JFloatArraySerializer.m */; settings = {ASSET_TAGS = (); }; };
		AA0B23611BCC090E0050AC07 /* JFloatSerializer.m in Sources */ = {isa = PBXBuildFile; fileRef = AA0B23311BCC090E0050AC07 /* JFloatSerializer.m */; settings = {ASSET_TAGS = (); }; };
		AA0B23621BCC090E0050AC07 /* JIntegerArraySerializer.m in Sources */ = {isa = PBXBuildFile; fileRef = AA0B23331BCC090E0050AC07 /* JIntegerArraySerializer.m */; settings = {ASSET_TAGS = (); }; };
		AA0B23631BCC090E0050AC07 /* JIntegerSerializer.m in Sources */ = {isa = PBXBuildFile; fileRef = AA0B23351BCC090E0050AC07 /* JIntegerSerializer.m */; settings = {ASSET_TAGS = (); }; };
		AA0B23641BCC090E0050AC07 /* JLongArraySerializer.m in Sources */ = {isa = PBXBuildFile; fileRef = AA0B23371BCC090E0050AC07 /* JLongArraySerializer.m */; settings = {ASSET_TAGS = (); }; };
		AA0B23651BCC090E0050AC07 /* JLongSerializer.m in Sources */ = {isa = PBXBuildFile; fileRef = AA0B23391BCC090E0050AC07 /* JLongSerializer.m */; settings = {ASSET_TAGS = (); }; };
		AA0B23661BCC090E0050AC07 /* JObjectArraySerializer.m in Sources */ = {isa = PBXBuildFile; fileRef = AA0B233B1BCC090E0050AC07 /* JObjectArraySerializer.m */; settings = {ASSET_TAGS = (); }; };
		AA0B23671BCC090E0050AC07 /* JShortArraySerializer.m in Sources */ = {isa = PBXBuildFile; fileRef = AA0B233D1BCC090E0050AC07 /* JShortArraySerializer.m */; settings = {ASSET_TAGS = (); }; };
		AA0B23681BCC090E0050AC07 /* JShortSerializer.m in Sources */ = {isa = PBXBuildFile; fileRef = AA0B233F1BCC090E0050AC07 /* JShortSerializer.m */; settings = {ASSET_TAGS = (); }; };
		AA0B23691BCC090E0050AC07 /* LocaleSerializer.m in Sources */ = {isa = PBXBuildFile; fileRef = AA0B23411BCC090E0050AC07 /* LocaleSerializer.m */; settings = {ASSET_TAGS = (); }; };
		AA0B236A1BCC090E0050AC07 /* MapSerializer.m in Sources */ = {isa = PBXBuildFile; fileRef = AA0B23431BCC090E0050AC07 /* MapSerializer.m */; settings = {ASSET_TAGS = (); }; };
		AA0B236B1BCC090E0050AC07 /* SetSerializer.m in Sources */ = {isa = PBXBuildFile; fileRef = AA0B23451BCC090E0050AC07 /* SetSerializer.m */; settings = {ASSET_TAGS = (); }; };
		AA0B236C1BCC090E0050AC07 /* StringBuilderSerializer.m in Sources */ = {isa = PBXBuildFile; fileRef = AA0B23471BCC090E0050AC07 /* StringBuilderSerializer.m */; settings = {ASSET_TAGS = (); }; };
		AA0B236D1BCC090E0050AC07 /* StringSerializer.m in Sources */ = {isa = PBXBuildFile; fileRef = AA0B23491BCC090E0050AC07 /* StringSerializer.m */; settings = {ASSET_TAGS = (); }; };
		AA0B236E1BCC090E0050AC07 /* TaggedFieldSerializer.m in Sources */ = {isa = PBXBuildFile; fileRef = AA0B234B1BCC090E0050AC07 /* TaggedFieldSerializer.m */; settings = {ASSET_TAGS = (); }; };
		AA0B236F1BCC0B280050AC07 /* CompatibleFieldSerializer.h in CopyFiles */ = {isa = PBXBuildFile; fileRef = AA0B23061BCC08840050AC07 /* CompatibleFieldSerializer.h */; };
		AA0B23701BCC0B280050AC07 /* FieldSerializer.h in CopyFiles */ = {isa = PBXBuildFile; fileRef = AA0B23071BCC08840050AC07 /* FieldSerializer.h */; };
		AA0B23711BCC0B8D0050AC07 /* CollectionsEmptyListSerializer.h in CopyFiles */ = {isa = PBXBuildFile; fileRef = AA0B230A1BCC090D0050AC07 /* CollectionsEmptyListSerializer.h */; };
		AA0B23721BCC0B8D0050AC07 /* CollectionsEmptyMapSerializer.h in CopyFiles */ = {isa = PBXBuildFile; fileRef = AA0B230C1BCC090D0050AC07 /* CollectionsEmptyMapSerializer.h */; };
		AA0B23731BCC0B8D0050AC07 /* CollectionsEmptySetSerializer.h in CopyFiles */ = {isa = PBXBuildFile; fileRef = AA0B230E1BCC090D0050AC07 /* CollectionsEmptySetSerializer.h */; };
		AA0B23741BCC0B8D0050AC07 /* CollectionsSingletonListSerializer.h in CopyFiles */ = {isa = PBXBuildFile; fileRef = AA0B23101BCC090D0050AC07 /* CollectionsSingletonListSerializer.h */; };
		AA0B23751BCC0B8D0050AC07 /* CollectionsSingletonMapSerializer.h in CopyFiles */ = {isa = PBXBuildFile; fileRef = AA0B23121BCC090D0050AC07 /* CollectionsSingletonMapSerializer.h */; };
		AA0B23761BCC0B8D0050AC07 /* CollectionsSingletonSetSerializer.h in CopyFiles */ = {isa = PBXBuildFile; fileRef = AA0B23141BCC090D0050AC07 /* CollectionsSingletonSetSerializer.h */; };
		AA0B23771BCC0B8D0050AC07 /* DataSerializer.h in CopyFiles */ = {isa = PBXBuildFile; fileRef = AA0B23171BCC090D0050AC07 /* DataSerializer.h */; };
		AA0B23781BCC0B8D0050AC07 /* DateSerializer.h in CopyFiles */ = {isa = PBXBuildFile; fileRef = AA0B23191BCC090D0050AC07 /* DateSerializer.h */; };
		AA0B23791BCC0B8D0050AC07 /* EnumSerializer.h in CopyFiles */ = {isa = PBXBuildFile; fileRef = AA0B231B1BCC090D0050AC07 /* EnumSerializer.h */; };
		AA0B237A1BCC0B8D0050AC07 /* JBooleanArraySerializer.h in CopyFiles */ = {isa = PBXBuildFile; fileRef = AA0B23201BCC090E0050AC07 /* JBooleanArraySerializer.h */; };
		AA0B237B1BCC0B8D0050AC07 /* JBooleanSerializer.h in CopyFiles */ = {isa = PBXBuildFile; fileRef = AA0B23221BCC090E0050AC07 /* JBooleanSerializer.h */; };
		AA0B237C1BCC0B8D0050AC07 /* JByteSerializer.h in CopyFiles */ = {isa = PBXBuildFile; fileRef = AA0B23241BCC090E0050AC07 /* JByteSerializer.h */; };
		AA0B237D1BCC0B8D0050AC07 /* JCharacterArraySerializer.h in CopyFiles */ = {isa = PBXBuildFile; fileRef = AA0B23261BCC090E0050AC07 /* JCharacterArraySerializer.h */; };
		AA0B237E1BCC0B8D0050AC07 /* JCharacterSerializer.h in CopyFiles */ = {isa = PBXBuildFile; fileRef = AA0B23281BCC090E0050AC07 /* JCharacterSerializer.h */; };
		AA0B237F1BCC0B8D0050AC07 /* JDoubleArraySerializer.h in CopyFiles */ = {isa = PBXBuildFile; fileRef = AA0B232A1BCC090E0050AC07 /* JDoubleArraySerializer.h */; };
		AA0B23801BCC0B8D0050AC07 /* JFloatArraySerializer.h in CopyFiles */ = {isa = PBXBuildFile; fileRef = AA0B232E1BCC090E0050AC07 /* JFloatArraySerializer.h */; };
		AA0B23811BCC0B8D0050AC07 /* JFloatSerializer.h in CopyFiles */ = {isa = PBXBuildFile; fileRef = AA0B23301BCC090E0050AC07 /* JFloatSerializer.h */; };
		AA0B23821BCC0B8D0050AC07 /* JIntegerArraySerializer.h in CopyFiles */ = {isa = PBXBuildFile; fileRef = AA0B23321BCC090E0050AC07 /* JIntegerArraySerializer.h */; };
		AA0B23831BCC0B8D0050AC07 /* JIntegerSerializer.h in CopyFiles */ = {isa = PBXBuildFile; fileRef = AA0B23341BCC090E0050AC07 /* JIntegerSerializer.h */; };
		AA0B23841BCC0B8D0050AC07 /* JLongArraySerializer.h in CopyFiles */ = {isa = PBXBuildFile; fileRef = AA0B23361BCC090E0050AC07 /* JLongArraySerializer.h */; };
		AA0B23851BCC0B8D0050AC07 /* JLongSerializer.h in CopyFiles */ = {isa = PBXBuildFile; fileRef = AA0B23381BCC090E0050AC07 /* JLongSerializer.h */; };
		AA0B23861BCC0B8D0050AC07 /* JObjectArraySerializer.h in CopyFiles */ = {isa = PBXBuildFile; fileRef = AA0B233A1BCC090E0050AC07 /* JObjectArraySerializer.h */; };
		AA0B23871BCC0B8D0050AC07 /* JShortArraySerializer.h in CopyFiles */ = {isa = PBXBuildFile; fileRef = AA0B233C1BCC090E0050AC07 /* JShortArraySerializer.h */; };
		AA0B23881BCC0B8D0050AC07 /* JShortSerializer.h in CopyFiles */ = {isa = PBXBuildFile; fileRef = AA0B233E1BCC090E0050AC07 /* JShortSerializer.h */; };
		AA0B23891BCC0B8D0050AC07 /* LocaleSerializer.h in CopyFiles */ = {isa = PBXBuildFile; fileRef = AA0B23401BCC090E0050AC07 /* LocaleSerializer.h */; };
		AA0B238A1BCC0B8D0050AC07 /* MapSerializer.h in CopyFiles */ = {isa = PBXBuildFile; fileRef = AA0B23421BCC090E0050AC07 /* MapSerializer.h */; };
		AA0B238B1BCC0B8D0050AC07 /* SetSerializer.h in CopyFiles */ = {isa = PBXBuildFile; fileRef = AA0B23441BCC090E0050AC07 /* SetSerializer.h */; };
		AA0B238C1BCC0B8D0050AC07 /* StringBuilderSerializer.h in CopyFiles */ = {isa = PBXBuildFile; fileRef = AA0B23461BCC090E0050AC07 /* StringBuilderSerializer.h */; };
		AA0B238D1BCC0B8D0050AC07 /* StringSerializer.h in CopyFiles */ = {isa = PBXBuildFile; fileRef = AA0B23481BCC090E0050AC07 /* StringSerializer.h */; };
		AA0B238E1BCC0B8D0050AC07 /* TaggedFieldSerializer.h in CopyFiles */ = {isa = PBXBuildFile; fileRef = AA0B234A1BCC090E0050AC07 /* TaggedFieldSerializer.h */; };
		AA2082F2170ECD5D004521D7 /* ObjectMap.m in Sources */ = {isa = PBXBuildFile; fileRef = AA2082F1170ECD5D004521D7 /* ObjectMap.m */; };
		AA2082F5170EE093004521D7 /* KryoInputChunked.m in Sources */ = {isa = PBXBuildFile; fileRef = AA2082F4170EE093004521D7 /* KryoInputChunked.m */; };
		AA2082F8170EE0A1004521D7 /* KryoOutputChunked.m in Sources */ = {isa = PBXBuildFile; fileRef = AA2082F7170EE0A1004521D7 /* KryoOutputChunked.m */; };
		AA4C17781779ACC0009F6BD0 /* Enum.m in Sources */ = {isa = PBXBuildFile; fileRef = AA4C17771779ACC0009F6BD0 /* Enum.m */; };
		AA643E72181D37800025B2EA /* ClassResolver.h in CopyFiles */ = {isa = PBXBuildFile; fileRef = D3EDD1A316E6604B005339C3 /* ClassResolver.h */; };
		AA643E73181D37800025B2EA /* DefaultClassResolver.h in CopyFiles */ = {isa = PBXBuildFile; fileRef = D3EDD1A416E6604B005339C3 /* DefaultClassResolver.h */; };
		AA643E74181D37800025B2EA /* Enum.h in CopyFiles */ = {isa = PBXBuildFile; fileRef = AA4C17761779ACC0009F6BD0 /* Enum.h */; };
		AA643E75181D37800025B2EA /* FinalAnnotation.h in CopyFiles */ = {isa = PBXBuildFile; fileRef = AAD34D8417E8597A005E7F34 /* FinalAnnotation.h */; };
		AA643E76181D37800025B2EA /* JBoolean.h in CopyFiles */ = {isa = PBXBuildFile; fileRef = D390963216E79A8A0012B221 /* JBoolean.h */; };
		AA643E77181D37800025B2EA /* JBooleanArray.h in CopyFiles */ = {isa = PBXBuildFile; fileRef = D390965D16E79D350012B221 /* JBooleanArray.h */; };
		AA643E78181D37800025B2EA /* JByte.h in CopyFiles */ = {isa = PBXBuildFile; fileRef = D390963416E79A8A0012B221 /* JByte.h */; };
		AA643E79181D37800025B2EA /* JCharacter.h in CopyFiles */ = {isa = PBXBuildFile; fileRef = D390963616E79A8A0012B221 /* JCharacter.h */; };
		AA643E7A181D37800025B2EA /* JCharacterArray.h in CopyFiles */ = {isa = PBXBuildFile; fileRef = D390966016E79D440012B221 /* JCharacterArray.h */; };
		AA643E7B181D37800025B2EA /* JDouble.h in CopyFiles */ = {isa = PBXBuildFile; fileRef = D390963816E79A8A0012B221 /* JDouble.h */; };
		AA643E7C181D37800025B2EA /* JDoubleArray.h in CopyFiles */ = {isa = PBXBuildFile; fileRef = D390963A16E79A8A0012B221 /* JDoubleArray.h */; };
		AA643E7D181D37800025B2EA /* JFloat.h in CopyFiles */ = {isa = PBXBuildFile; fileRef = D390963C16E79A8A0012B221 /* JFloat.h */; };
		AA643E7E181D37800025B2EA /* JFloatArray.h in CopyFiles */ = {isa = PBXBuildFile; fileRef = D390963E16E79A8A0012B221 /* JFloatArray.h */; };
		AA643E7F181D37800025B2EA /* JInteger.h in CopyFiles */ = {isa = PBXBuildFile; fileRef = D390964016E79A8A0012B221 /* JInteger.h */; };
		AA643E80181D37800025B2EA /* JIntegerArray.h in CopyFiles */ = {isa = PBXBuildFile; fileRef = D390964216E79A8A0012B221 /* JIntegerArray.h */; };
		AA643E81181D37800025B2EA /* JLong.h in CopyFiles */ = {isa = PBXBuildFile; fileRef = D390964416E79A8A0012B221 /* JLong.h */; };
		AA643E82181D37800025B2EA /* JLongArray.h in CopyFiles */ = {isa = PBXBuildFile; fileRef = D390964616E79A8A0012B221 /* JLongArray.h */; };
		AA643E83181D37800025B2EA /* JNumeric.h in CopyFiles */ = {isa = PBXBuildFile; fileRef = D39ED1BE16E8A98F001AA271 /* JNumeric.h */; };
		AA643E84181D37800025B2EA /* JObjectArray.h in CopyFiles */ = {isa = PBXBuildFile; fileRef = D390964816E79A8A0012B221 /* JObjectArray.h */; };
		AA643E85181D37800025B2EA /* JShort.h in CopyFiles */ = {isa = PBXBuildFile; fileRef = D390964A16E79A8A0012B221 /* JShort.h */; };
		AA643E86181D37800025B2EA /* JShortArray.h in CopyFiles */ = {isa = PBXBuildFile; fileRef = D390964C16E79A8A0012B221 /* JShortArray.h */; };
		AA643E87181D37800025B2EA /* KryoException.h in CopyFiles */ = {isa = PBXBuildFile; fileRef = AAE2A060170F229C00A09229 /* KryoException.h */; };
		AA643E88181D37800025B2EA /* KryoInput.h in CopyFiles */ = {isa = PBXBuildFile; fileRef = D3EDD1A616E6604B005339C3 /* KryoInput.h */; };
		AA643E89181D37800025B2EA /* KryoInputChunked.h in CopyFiles */ = {isa = PBXBuildFile; fileRef = AA2082F3170EE093004521D7 /* KryoInputChunked.h */; };
		AA643E8A181D37800025B2EA /* KryoOutput.h in CopyFiles */ = {isa = PBXBuildFile; fileRef = D3EDD1A816E6604B005339C3 /* KryoOutput.h */; };
		AA643E8B181D37800025B2EA /* KryoOutputChunked.h in CopyFiles */ = {isa = PBXBuildFile; fileRef = AA2082F6170EE0A1004521D7 /* KryoOutputChunked.h */; };
		AA643E8C181D37800025B2EA /* ListReferenceResolver.h in CopyFiles */ = {isa = PBXBuildFile; fileRef = D3EDD1AA16E6604B005339C3 /* ListReferenceResolver.h */; };
		AA643E8D181D37800025B2EA /* ObjectMap.h in CopyFiles */ = {isa = PBXBuildFile; fileRef = AA2082F0170ECD5D004521D7 /* ObjectMap.h */; };
		AA643E8E181D37800025B2EA /* ReferenceResolver.h in CopyFiles */ = {isa = PBXBuildFile; fileRef = D3EDD1AE16E6604B005339C3 /* ReferenceResolver.h */; };
		AA643E8F181D37800025B2EA /* Registration.h in CopyFiles */ = {isa = PBXBuildFile; fileRef = D3EDD1AF16E6604B005339C3 /* Registration.h */; };
		AA643E90181D37800025B2EA /* SerializationAnnotation.h in CopyFiles */ = {isa = PBXBuildFile; fileRef = D308C60E16E76C4700FEBEE9 /* SerializationAnnotation.h */; };
		AA643EAC181D37800025B2EA /* Serializer.h in CopyFiles */ = {isa = PBXBuildFile; fileRef = D3EDD1B116E6604B005339C3 /* Serializer.h */; };
		AA643EAD181D37800025B2EA /* TagAnnotation.h in CopyFiles */ = {isa = PBXBuildFile; fileRef = AA36444F1765F5F800C5D31C /* TagAnnotation.h */; };
		AAA8CBF31B5939D20017A96C /* CollectionsEmptyList.m in Sources */ = {isa = PBXBuildFile; fileRef = AAA8CBF21B5939D20017A96C /* CollectionsEmptyList.m */; };
		AAA8CBF61B5939DE0017A96C /* CollectionsEmptySet.m in Sources */ = {isa = PBXBuildFile; fileRef = AAA8CBF51B5939DE0017A96C /* CollectionsEmptySet.m */; };
		AAA8CBF91B5939E90017A96C /* CollectionsEmptyMap.m in Sources */ = {isa = PBXBuildFile; fileRef = AAA8CBF81B5939E90017A96C /* CollectionsEmptyMap.m */; };
		AAA8CC021B5956450017A96C /* CollectionsSingletonList.m in Sources */ = {isa = PBXBuildFile; fileRef = AAA8CBFD1B5956450017A96C /* CollectionsSingletonList.m */; };
		AAA8CC031B5956450017A96C /* CollectionsSingletonMap.m in Sources */ = {isa = PBXBuildFile; fileRef = AAA8CBFF1B5956450017A96C /* CollectionsSingletonMap.m */; };
		AAA8CC041B5956450017A96C /* CollectionsSingletonSet.m in Sources */ = {isa = PBXBuildFile; fileRef = AAA8CC011B5956450017A96C /* CollectionsSingletonSet.m */; };
		AAA8CC101B5968C20017A96C /* Collections.m in Sources */ = {isa = PBXBuildFile; fileRef = AAA8CC0F1B5968C20017A96C /* Collections.m */; };
		AAE2A062170F229C00A09229 /* KryoException.m in Sources */ = {isa = PBXBuildFile; fileRef = AAE2A061170F229C00A09229 /* KryoException.m */; };
		D390964E16E79A8A0012B221 /* JBoolean.m in Sources */ = {isa = PBXBuildFile; fileRef = D390963316E79A8A0012B221 /* JBoolean.m */; };
		D390964F16E79A8A0012B221 /* JByte.m in Sources */ = {isa = PBXBuildFile; fileRef = D390963516E79A8A0012B221 /* JByte.m */; };
		D390965016E79A8A0012B221 /* JCharacter.m in Sources */ = {isa = PBXBuildFile; fileRef = D390963716E79A8A0012B221 /* JCharacter.m */; };
		D390965116E79A8A0012B221 /* JDouble.m in Sources */ = {isa = PBXBuildFile; fileRef = D390963916E79A8A0012B221 /* JDouble.m */; };
		D390965216E79A8A0012B221 /* JDoubleArray.m in Sources */ = {isa = PBXBuildFile; fileRef = D390963B16E79A8A0012B221 /* JDoubleArray.m */; };
		D390965316E79A8A0012B221 /* JFloat.m in Sources */ = {isa = PBXBuildFile; fileRef = D390963D16E79A8A0012B221 /* JFloat.m */; };
		D390965416E79A8A0012B221 /* JFloatArray.m in Sources */ = {isa = PBXBuildFile; fileRef = D390963F16E79A8A0012B221 /* JFloatArray.m */; };
		D390965516E79A8A0012B221 /* JInteger.m in Sources */ = {isa = PBXBuildFile; fileRef = D390964116E79A8A0012B221 /* JInteger.m */; };
		D390965616E79A8A0012B221 /* JIntegerArray.m in Sources */ = {isa = PBXBuildFile; fileRef = D390964316E79A8A0012B221 /* JIntegerArray.m */; };
		D390965716E79A8A0012B221 /* JLong.m in Sources */ = {isa = PBXBuildFile; fileRef = D390964516E79A8A0012B221 /* JLong.m */; };
		D390965816E79A8A0012B221 /* JLongArray.m in Sources */ = {isa = PBXBuildFile; fileRef = D390964716E79A8A0012B221 /* JLongArray.m */; };
		D390965916E79A8A0012B221 /* JObjectArray.m in Sources */ = {isa = PBXBuildFile; fileRef = D390964916E79A8A0012B221 /* JObjectArray.m */; };
		D390965A16E79A8A0012B221 /* JShort.m in Sources */ = {isa = PBXBuildFile; fileRef = D390964B16E79A8A0012B221 /* JShort.m */; };
		D390965B16E79A8A0012B221 /* JShortArray.m in Sources */ = {isa = PBXBuildFile; fileRef = D390964D16E79A8A0012B221 /* JShortArray.m */; };
		D390965F16E79D370012B221 /* JBooleanArray.m in Sources */ = {isa = PBXBuildFile; fileRef = D390965E16E79D360012B221 /* JBooleanArray.m */; };
		D390966216E79D460012B221 /* JCharacterArray.m in Sources */ = {isa = PBXBuildFile; fileRef = D390966116E79D450012B221 /* JCharacterArray.m */; };
		D39ED1C016E8A98F001AA271 /* JNumeric.m in Sources */ = {isa = PBXBuildFile; fileRef = D39ED1BF16E8A98F001AA271 /* JNumeric.m */; };
		D3EDD19316E65FD8005339C3 /* Foundation.framework in Frameworks */ = {isa = PBXBuildFile; fileRef = D3EDD19216E65FD8005339C3 /* Foundation.framework */; };
		D3EDD19816E65FD8005339C3 /* Kryo.h in CopyFiles */ = {isa = PBXBuildFile; fileRef = D3EDD19716E65FD8005339C3 /* Kryo.h */; };
		D3EDD19A16E65FD8005339C3 /* Kryo.m in Sources */ = {isa = PBXBuildFile; fileRef = D3EDD19916E65FD8005339C3 /* Kryo.m */; };
		D3EDD1B216E6604B005339C3 /* DefaultClassResolver.m in Sources */ = {isa = PBXBuildFile; fileRef = D3EDD1A516E6604B005339C3 /* DefaultClassResolver.m */; };
		D3EDD1B316E6604B005339C3 /* KryoInput.m in Sources */ = {isa = PBXBuildFile; fileRef = D3EDD1A716E6604B005339C3 /* KryoInput.m */; };
		D3EDD1B416E6604B005339C3 /* KryoOutput.m in Sources */ = {isa = PBXBuildFile; fileRef = D3EDD1A916E6604B005339C3 /* KryoOutput.m */; };
		D3EDD1B516E6604B005339C3 /* ListReferenceResolver.m in Sources */ = {isa = PBXBuildFile; fileRef = D3EDD1AB16E6604B005339C3 /* ListReferenceResolver.m */; };
		D3EDD1B716E6604B005339C3 /* Registration.m in Sources */ = {isa = PBXBuildFile; fileRef = D3EDD1B016E6604B005339C3 /* Registration.m */; };
/* End PBXBuildFile section */

/* Begin PBXCopyFilesBuildPhase section */
		D3EDD18D16E65FD8005339C3 /* CopyFiles */ = {
			isa = PBXCopyFilesBuildPhase;
			buildActionMask = 2147483647;
			dstPath = "include/${PRODUCT_NAME}";
			dstSubfolderSpec = 16;
			files = (
				AA0B23711BCC0B8D0050AC07 /* CollectionsEmptyListSerializer.h in CopyFiles */,
				AA0B23721BCC0B8D0050AC07 /* CollectionsEmptyMapSerializer.h in CopyFiles */,
				AA0B23731BCC0B8D0050AC07 /* CollectionsEmptySetSerializer.h in CopyFiles */,
				AA0B23741BCC0B8D0050AC07 /* CollectionsSingletonListSerializer.h in CopyFiles */,
				AA0B23751BCC0B8D0050AC07 /* CollectionsSingletonMapSerializer.h in CopyFiles */,
				AA0B23761BCC0B8D0050AC07 /* CollectionsSingletonSetSerializer.h in CopyFiles */,
				AA0B23771BCC0B8D0050AC07 /* DataSerializer.h in CopyFiles */,
				AA0B23781BCC0B8D0050AC07 /* DateSerializer.h in CopyFiles */,
				AA0B23791BCC0B8D0050AC07 /* EnumSerializer.h in CopyFiles */,
				AA0B237A1BCC0B8D0050AC07 /* JBooleanArraySerializer.h in CopyFiles */,
				AA0B237B1BCC0B8D0050AC07 /* JBooleanSerializer.h in CopyFiles */,
				AA0B237C1BCC0B8D0050AC07 /* JByteSerializer.h in CopyFiles */,
				AA0B237D1BCC0B8D0050AC07 /* JCharacterArraySerializer.h in CopyFiles */,
				AA0B237E1BCC0B8D0050AC07 /* JCharacterSerializer.h in CopyFiles */,
				AA0B237F1BCC0B8D0050AC07 /* JDoubleArraySerializer.h in CopyFiles */,
				AA0B23801BCC0B8D0050AC07 /* JFloatArraySerializer.h in CopyFiles */,
				AA0B23811BCC0B8D0050AC07 /* JFloatSerializer.h in CopyFiles */,
				AA0B23821BCC0B8D0050AC07 /* JIntegerArraySerializer.h in CopyFiles */,
				AA0B23831BCC0B8D0050AC07 /* JIntegerSerializer.h in CopyFiles */,
				AA0B23841BCC0B8D0050AC07 /* JLongArraySerializer.h in CopyFiles */,
				AA0B23851BCC0B8D0050AC07 /* JLongSerializer.h in CopyFiles */,
				AA0B23861BCC0B8D0050AC07 /* JObjectArraySerializer.h in CopyFiles */,
				AA0B23871BCC0B8D0050AC07 /* JShortArraySerializer.h in CopyFiles */,
				AA0B23881BCC0B8D0050AC07 /* JShortSerializer.h in CopyFiles */,
				AA0B23891BCC0B8D0050AC07 /* LocaleSerializer.h in CopyFiles */,
				AA0B238A1BCC0B8D0050AC07 /* MapSerializer.h in CopyFiles */,
				AA0B238B1BCC0B8D0050AC07 /* SetSerializer.h in CopyFiles */,
				AA0B238C1BCC0B8D0050AC07 /* StringBuilderSerializer.h in CopyFiles */,
				AA0B238D1BCC0B8D0050AC07 /* StringSerializer.h in CopyFiles */,
				AA0B238E1BCC0B8D0050AC07 /* TaggedFieldSerializer.h in CopyFiles */,
				AA0B236F1BCC0B280050AC07 /* CompatibleFieldSerializer.h in CopyFiles */,
				AA0B23701BCC0B280050AC07 /* FieldSerializer.h in CopyFiles */,
				AA643E72181D37800025B2EA /* ClassResolver.h in CopyFiles */,
				AA643E73181D37800025B2EA /* DefaultClassResolver.h in CopyFiles */,
				AA643E74181D37800025B2EA /* Enum.h in CopyFiles */,
				AA643E75181D37800025B2EA /* FinalAnnotation.h in CopyFiles */,
				AA643E76181D37800025B2EA /* JBoolean.h in CopyFiles */,
				AA643E77181D37800025B2EA /* JBooleanArray.h in CopyFiles */,
				AA643E78181D37800025B2EA /* JByte.h in CopyFiles */,
				AA643E79181D37800025B2EA /* JCharacter.h in CopyFiles */,
				AA643E7A181D37800025B2EA /* JCharacterArray.h in CopyFiles */,
				AA643E7B181D37800025B2EA /* JDouble.h in CopyFiles */,
				AA643E7C181D37800025B2EA /* JDoubleArray.h in CopyFiles */,
				AA643E7D181D37800025B2EA /* JFloat.h in CopyFiles */,
				AA643E7E181D37800025B2EA /* JFloatArray.h in CopyFiles */,
				AA643E7F181D37800025B2EA /* JInteger.h in CopyFiles */,
				AA643E80181D37800025B2EA /* JIntegerArray.h in CopyFiles */,
				AA643E81181D37800025B2EA /* JLong.h in CopyFiles */,
				AA643E82181D37800025B2EA /* JLongArray.h in CopyFiles */,
				AA643E83181D37800025B2EA /* JNumeric.h in CopyFiles */,
				AA643E84181D37800025B2EA /* JObjectArray.h in CopyFiles */,
				AA643E85181D37800025B2EA /* JShort.h in CopyFiles */,
				AA643E86181D37800025B2EA /* JShortArray.h in CopyFiles */,
				AA643E87181D37800025B2EA /* KryoException.h in CopyFiles */,
				AA643E88181D37800025B2EA /* KryoInput.h in CopyFiles */,
				AA643E89181D37800025B2EA /* KryoInputChunked.h in CopyFiles */,
				AA643E8A181D37800025B2EA /* KryoOutput.h in CopyFiles */,
				AA643E8B181D37800025B2EA /* KryoOutputChunked.h in CopyFiles */,
				AA643E8C181D37800025B2EA /* ListReferenceResolver.h in CopyFiles */,
				AA643E8D181D37800025B2EA /* ObjectMap.h in CopyFiles */,
				AA643E8E181D37800025B2EA /* ReferenceResolver.h in CopyFiles */,
				AA643E8F181D37800025B2EA /* Registration.h in CopyFiles */,
				AA643E90181D37800025B2EA /* SerializationAnnotation.h in CopyFiles */,
				AA643EAC181D37800025B2EA /* Serializer.h in CopyFiles */,
				AA643EAD181D37800025B2EA /* TagAnnotation.h in CopyFiles */,
				D3EDD19816E65FD8005339C3 /* Kryo.h in CopyFiles */,
			);
			runOnlyForDeploymentPostprocessing = 0;
		};
/* End PBXCopyFilesBuildPhase section */

/* Begin PBXFileReference section */
		AA0B23061BCC08840050AC07 /* CompatibleFieldSerializer.h */ = {isa = PBXFileReference; fileEncoding = 4; lastKnownFileType = sourcecode.c.h; path = CompatibleFieldSerializer.h; sourceTree = "<group>"; };
		AA0B23071BCC08840050AC07 /* FieldSerializer.h */ = {isa = PBXFileReference; fileEncoding = 4; lastKnownFileType = sourcecode.c.h; path = FieldSerializer.h; sourceTree = "<group>"; };
		AA0B23081BCC090D0050AC07 /* ArraySerializer.h */ = {isa = PBXFileReference; fileEncoding = 4; lastKnownFileType = sourcecode.c.h; path = ArraySerializer.h; sourceTree = "<group>"; };
		AA0B23091BCC090D0050AC07 /* ArraySerializer.m */ = {isa = PBXFileReference; fileEncoding = 4; lastKnownFileType = sourcecode.c.objc; path = ArraySerializer.m; sourceTree = "<group>"; };
		AA0B230A1BCC090D0050AC07 /* CollectionsEmptyListSerializer.h */ = {isa = PBXFileReference; fileEncoding = 4; lastKnownFileType = sourcecode.c.h; path = CollectionsEmptyListSerializer.h; sourceTree = "<group>"; };
		AA0B230B1BCC090D0050AC07 /* CollectionsEmptyListSerializer.m */ = {isa = PBXFileReference; fileEncoding = 4; lastKnownFileType = sourcecode.c.objc; path = CollectionsEmptyListSerializer.m; sourceTree = "<group>"; };
		AA0B230C1BCC090D0050AC07 /* CollectionsEmptyMapSerializer.h */ = {isa = PBXFileReference; fileEncoding = 4; lastKnownFileType = sourcecode.c.h; path = CollectionsEmptyMapSerializer.h; sourceTree = "<group>"; };
		AA0B230D1BCC090D0050AC07 /* CollectionsEmptyMapSerializer.m */ = {isa = PBXFileReference; fileEncoding = 4; lastKnownFileType = sourcecode.c.objc; path = CollectionsEmptyMapSerializer.m; sourceTree = "<group>"; };
		AA0B230E1BCC090D0050AC07 /* CollectionsEmptySetSerializer.h */ = {isa = PBXFileReference; fileEncoding = 4; lastKnownFileType = sourcecode.c.h; path = CollectionsEmptySetSerializer.h; sourceTree = "<group>"; };
		AA0B230F1BCC090D0050AC07 /* CollectionsEmptySetSerializer.m */ = {isa = PBXFileReference; fileEncoding = 4; lastKnownFileType = sourcecode.c.objc; path = CollectionsEmptySetSerializer.m; sourceTree = "<group>"; };
		AA0B23101BCC090D0050AC07 /* CollectionsSingletonListSerializer.h */ = {isa = PBXFileReference; fileEncoding = 4; lastKnownFileType = sourcecode.c.h; path = CollectionsSingletonListSerializer.h; sourceTree = "<group>"; };
		AA0B23111BCC090D0050AC07 /* CollectionsSingletonListSerializer.m */ = {isa = PBXFileReference; fileEncoding = 4; lastKnownFileType = sourcecode.c.objc; path = CollectionsSingletonListSerializer.m; sourceTree = "<group>"; };
		AA0B23121BCC090D0050AC07 /* CollectionsSingletonMapSerializer.h */ = {isa = PBXFileReference; fileEncoding = 4; lastKnownFileType = sourcecode.c.h; path = CollectionsSingletonMapSerializer.h; sourceTree = "<group>"; };
		AA0B23131BCC090D0050AC07 /* CollectionsSingletonMapSerializer.m */ = {isa = PBXFileReference; fileEncoding = 4; lastKnownFileType = sourcecode.c.objc; path = CollectionsSingletonMapSerializer.m; sourceTree = "<group>"; };
		AA0B23141BCC090D0050AC07 /* CollectionsSingletonSetSerializer.h */ = {isa = PBXFileReference; fileEncoding = 4; lastKnownFileType = sourcecode.c.h; path = CollectionsSingletonSetSerializer.h; sourceTree = "<group>"; };
		AA0B23151BCC090D0050AC07 /* CollectionsSingletonSetSerializer.m */ = {isa = PBXFileReference; fileEncoding = 4; lastKnownFileType = sourcecode.c.objc; path = CollectionsSingletonSetSerializer.m; sourceTree = "<group>"; };
		AA0B23161BCC090D0050AC07 /* CompatibleFieldSerializer.m */ = {isa = PBXFileReference; fileEncoding = 4; lastKnownFileType = sourcecode.c.objc; path = CompatibleFieldSerializer.m; sourceTree = "<group>"; };
		AA0B23171BCC090D0050AC07 /* DataSerializer.h */ = {isa = PBXFileReference; fileEncoding = 4; lastKnownFileType = sourcecode.c.h; path = DataSerializer.h; sourceTree = "<group>"; };
		AA0B23181BCC090D0050AC07 /* DataSerializer.m */ = {isa = PBXFileReference; fileEncoding = 4; lastKnownFileType = sourcecode.c.objc; path = DataSerializer.m; sourceTree = "<group>"; };
		AA0B23191BCC090D0050AC07 /* DateSerializer.h */ = {isa = PBXFileReference; fileEncoding = 4; lastKnownFileType = sourcecode.c.h; path = DateSerializer.h; sourceTree = "<group>"; };
		AA0B231A1BCC090D0050AC07 /* DateSerializer.m */ = {isa = PBXFileReference; fileEncoding = 4; lastKnownFileType = sourcecode.c.objc; path = DateSerializer.m; sourceTree = "<group>"; };
		AA0B231B1BCC090D0050AC07 /* EnumSerializer.h */ = {isa = PBXFileReference; fileEncoding = 4; lastKnownFileType = sourcecode.c.h; path = EnumSerializer.h; sourceTree = "<group>"; };
		AA0B231C1BCC090D0050AC07 /* EnumSerializer.m */ = {isa = PBXFileReference; fileEncoding = 4; lastKnownFileType = sourcecode.c.objc; path = EnumSerializer.m; sourceTree = "<group>"; };
		AA0B231D1BCC090D0050AC07 /* Field.h */ = {isa = PBXFileReference; fileEncoding = 4; lastKnownFileType = sourcecode.c.h; path = Field.h; sourceTree = "<group>"; };
		AA0B231E1BCC090D0050AC07 /* Field.m */ = {isa = PBXFileReference; fileEncoding = 4; lastKnownFileType = sourcecode.c.objc; path = Field.m; sourceTree = "<group>"; };
		AA0B231F1BCC090D0050AC07 /* FieldSerializer.m */ = {isa = PBXFileReference; fileEncoding = 4; lastKnownFileType = sourcecode.c.objc; path = FieldSerializer.m; sourceTree = "<group>"; };
		AA0B23201BCC090E0050AC07 /* JBooleanArraySerializer.h */ = {isa = PBXFileReference; fileEncoding = 4; lastKnownFileType = sourcecode.c.h; path = JBooleanArraySerializer.h; sourceTree = "<group>"; };
		AA0B23211BCC090E0050AC07 /* JBooleanArraySerializer.m */ = {isa = PBXFileReference; fileEncoding = 4; lastKnownFileType = sourcecode.c.objc; path = JBooleanArraySerializer.m; sourceTree = "<group>"; };
		AA0B23221BCC090E0050AC07 /* JBooleanSerializer.h */ = {isa = PBXFileReference; fileEncoding = 4; lastKnownFileType = sourcecode.c.h; path = JBooleanSerializer.h; sourceTree = "<group>"; };
		AA0B23231BCC090E0050AC07 /* JBooleanSerializer.m */ = {isa = PBXFileReference; fileEncoding = 4; lastKnownFileType = sourcecode.c.objc; path = JBooleanSerializer.m; sourceTree = "<group>"; };
		AA0B23241BCC090E0050AC07 /* JByteSerializer.h */ = {isa = PBXFileReference; fileEncoding = 4; lastKnownFileType = sourcecode.c.h; path = JByteSerializer.h; sourceTree = "<group>"; };
		AA0B23251BCC090E0050AC07 /* JByteSerializer.m */ = {isa = PBXFileReference; fileEncoding = 4; lastKnownFileType = sourcecode.c.objc; path = JByteSerializer.m; sourceTree = "<group>"; };
		AA0B23261BCC090E0050AC07 /* JCharacterArraySerializer.h */ = {isa = PBXFileReference; fileEncoding = 4; lastKnownFileType = sourcecode.c.h; path = JCharacterArraySerializer.h; sourceTree = "<group>"; };
		AA0B23271BCC090E0050AC07 /* JCharacterArraySerializer.m */ = {isa = PBXFileReference; fileEncoding = 4; lastKnownFileType = sourcecode.c.objc; path = JCharacterArraySerializer.m; sourceTree = "<group>"; };
		AA0B23281BCC090E0050AC07 /* JCharacterSerializer.h */ = {isa = PBXFileReference; fileEncoding = 4; lastKnownFileType = sourcecode.c.h; path = JCharacterSerializer.h; sourceTree = "<group>"; };
		AA0B23291BCC090E0050AC07 /* JCharacterSerializer.m */ = {isa = PBXFileReference; fileEncoding = 4; lastKnownFileType = sourcecode.c.objc; path = JCharacterSerializer.m; sourceTree = "<group>"; };
		AA0B232A1BCC090E0050AC07 /* JDoubleArraySerializer.h */ = {isa = PBXFileReference; fileEncoding = 4; lastKnownFileType = sourcecode.c.h; path = JDoubleArraySerializer.h; sourceTree = "<group>"; };
		AA0B232B1BCC090E0050AC07 /* JDoubleArraySerializer.m */ = {isa = PBXFileReference; fileEncoding = 4; lastKnownFileType = sourcecode.c.objc; path = JDoubleArraySerializer.m; sourceTree = "<group>"; };
		AA0B232C1BCC090E0050AC07 /* JDoubleSerializer.h */ = {isa = PBXFileReference; fileEncoding = 4; lastKnownFileType = sourcecode.c.h; path = JDoubleSerializer.h; sourceTree = "<group>"; };
		AA0B232D1BCC090E0050AC07 /* JDoubleSerializer.m */ = {isa = PBXFileReference; fileEncoding = 4; lastKnownFileType = sourcecode.c.objc; path = JDoubleSerializer.m; sourceTree = "<group>"; };
		AA0B232E1BCC090E0050AC07 /* JFloatArraySerializer.h */ = {isa = PBXFileReference; fileEncoding = 4; lastKnownFileType = sourcecode.c.h; path = JFloatArraySerializer.h; sourceTree = "<group>"; };
		AA0B232F1BCC090E0050AC07 /* JFloatArraySerializer.m */ = {isa = PBXFileReference; fileEncoding = 4; lastKnownFileType = sourcecode.c.objc; path = JFloatArraySerializer.m; sourceTree = "<group>"; };
		AA0B23301BCC090E0050AC07 /* JFloatSerializer.h */ = {isa = PBXFileReference; fileEncoding = 4; lastKnownFileType = sourcecode.c.h; path = JFloatSerializer.h; sourceTree = "<group>"; };
		AA0B23311BCC090E0050AC07 /* JFloatSerializer.m */ = {isa = PBXFileReference; fileEncoding = 4; lastKnownFileType = sourcecode.c.objc; path = JFloatSerializer.m; sourceTree = "<group>"; };
		AA0B23321BCC090E0050AC07 /* JIntegerArraySerializer.h */ = {isa = PBXFileReference; fileEncoding = 4; lastKnownFileType = sourcecode.c.h; path = JIntegerArraySerializer.h; sourceTree = "<group>"; };
		AA0B23331BCC090E0050AC07 /* JIntegerArraySerializer.m */ = {isa = PBXFileReference; fileEncoding = 4; lastKnownFileType = sourcecode.c.objc; path = JIntegerArraySerializer.m; sourceTree = "<group>"; };
		AA0B23341BCC090E0050AC07 /* JIntegerSerializer.h */ = {isa = PBXFileReference; fileEncoding = 4; lastKnownFileType = sourcecode.c.h; path = JIntegerSerializer.h; sourceTree = "<group>"; };
		AA0B23351BCC090E0050AC07 /* JIntegerSerializer.m */ = {isa = PBXFileReference; fileEncoding = 4; lastKnownFileType = sourcecode.c.objc; path = JIntegerSerializer.m; sourceTree = "<group>"; };
		AA0B23361BCC090E0050AC07 /* JLongArraySerializer.h */ = {isa = PBXFileReference; fileEncoding = 4; lastKnownFileType = sourcecode.c.h; path = JLongArraySerializer.h; sourceTree = "<group>"; };
		AA0B23371BCC090E0050AC07 /* JLongArraySerializer.m */ = {isa = PBXFileReference; fileEncoding = 4; lastKnownFileType = sourcecode.c.objc; path = JLongArraySerializer.m; sourceTree = "<group>"; };
		AA0B23381BCC090E0050AC07 /* JLongSerializer.h */ = {isa = PBXFileReference; fileEncoding = 4; lastKnownFileType = sourcecode.c.h; path = JLongSerializer.h; sourceTree = "<group>"; };
		AA0B23391BCC090E0050AC07 /* JLongSerializer.m */ = {isa = PBXFileReference; fileEncoding = 4; lastKnownFileType = sourcecode.c.objc; path = JLongSerializer.m; sourceTree = "<group>"; };
		AA0B233A1BCC090E0050AC07 /* JObjectArraySerializer.h */ = {isa = PBXFileReference; fileEncoding = 4; lastKnownFileType = sourcecode.c.h; path = JObjectArraySerializer.h; sourceTree = "<group>"; };
		AA0B233B1BCC090E0050AC07 /* JObjectArraySerializer.m */ = {isa = PBXFileReference; fileEncoding = 4; lastKnownFileType = sourcecode.c.objc; path = JObjectArraySerializer.m; sourceTree = "<group>"; };
		AA0B233C1BCC090E0050AC07 /* JShortArraySerializer.h */ = {isa = PBXFileReference; fileEncoding = 4; lastKnownFileType = sourcecode.c.h; path = JShortArraySerializer.h; sourceTree = "<group>"; };
		AA0B233D1BCC090E0050AC07 /* JShortArraySerializer.m */ = {isa = PBXFileReference; fileEncoding = 4; lastKnownFileType = sourcecode.c.objc; path = JShortArraySerializer.m; sourceTree = "<group>"; };
		AA0B233E1BCC090E0050AC07 /* JShortSerializer.h */ = {isa = PBXFileReference; fileEncoding = 4; lastKnownFileType = sourcecode.c.h; path = JShortSerializer.h; sourceTree = "<group>"; };
		AA0B233F1BCC090E0050AC07 /* JShortSerializer.m */ = {isa = PBXFileReference; fileEncoding = 4; lastKnownFileType = sourcecode.c.objc; path = JShortSerializer.m; sourceTree = "<group>"; };
		AA0B23401BCC090E0050AC07 /* LocaleSerializer.h */ = {isa = PBXFileReference; fileEncoding = 4; lastKnownFileType = sourcecode.c.h; path = LocaleSerializer.h; sourceTree = "<group>"; };
		AA0B23411BCC090E0050AC07 /* LocaleSerializer.m */ = {isa = PBXFileReference; fileEncoding = 4; lastKnownFileType = sourcecode.c.objc; path = LocaleSerializer.m; sourceTree = "<group>"; };
		AA0B23421BCC090E0050AC07 /* MapSerializer.h */ = {isa = PBXFileReference; fileEncoding = 4; lastKnownFileType = sourcecode.c.h; path = MapSerializer.h; sourceTree = "<group>"; };
		AA0B23431BCC090E0050AC07 /* MapSerializer.m */ = {isa = PBXFileReference; fileEncoding = 4; lastKnownFileType = sourcecode.c.objc; path = MapSerializer.m; sourceTree = "<group>"; };
		AA0B23441BCC090E0050AC07 /* SetSerializer.h */ = {isa = PBXFileReference; fileEncoding = 4; lastKnownFileType = sourcecode.c.h; path = SetSerializer.h; sourceTree = "<group>"; };
		AA0B23451BCC090E0050AC07 /* SetSerializer.m */ = {isa = PBXFileReference; fileEncoding = 4; lastKnownFileType = sourcecode.c.objc; path = SetSerializer.m; sourceTree = "<group>"; };
		AA0B23461BCC090E0050AC07 /* StringBuilderSerializer.h */ = {isa = PBXFileReference; fileEncoding = 4; lastKnownFileType = sourcecode.c.h; path = StringBuilderSerializer.h; sourceTree = "<group>"; };
		AA0B23471BCC090E0050AC07 /* StringBuilderSerializer.m */ = {isa = PBXFileReference; fileEncoding = 4; lastKnownFileType = sourcecode.c.objc; path = StringBuilderSerializer.m; sourceTree = "<group>"; };
		AA0B23481BCC090E0050AC07 /* StringSerializer.h */ = {isa = PBXFileReference; fileEncoding = 4; lastKnownFileType = sourcecode.c.h; path = StringSerializer.h; sourceTree = "<group>"; };
		AA0B23491BCC090E0050AC07 /* StringSerializer.m */ = {isa = PBXFileReference; fileEncoding = 4; lastKnownFileType = sourcecode.c.objc; path = StringSerializer.m; sourceTree = "<group>"; };
		AA0B234A1BCC090E0050AC07 /* TaggedFieldSerializer.h */ = {isa = PBXFileReference; fileEncoding = 4; lastKnownFileType = sourcecode.c.h; path = TaggedFieldSerializer.h; sourceTree = "<group>"; };
		AA0B234B1BCC090E0050AC07 /* TaggedFieldSerializer.m */ = {isa = PBXFileReference; fileEncoding = 4; lastKnownFileType = sourcecode.c.objc; path = TaggedFieldSerializer.m; sourceTree = "<group>"; };
		AA2082F0170ECD5D004521D7 /* ObjectMap.h */ = {isa = PBXFileReference; fileEncoding = 4; lastKnownFileType = sourcecode.c.h; path = ObjectMap.h; sourceTree = "<group>"; };
		AA2082F1170ECD5D004521D7 /* ObjectMap.m */ = {isa = PBXFileReference; fileEncoding = 4; lastKnownFileType = sourcecode.c.objc; path = ObjectMap.m; sourceTree = "<group>"; };
		AA2082F3170EE093004521D7 /* KryoInputChunked.h */ = {isa = PBXFileReference; fileEncoding = 4; lastKnownFileType = sourcecode.c.h; path = KryoInputChunked.h; sourceTree = "<group>"; };
		AA2082F4170EE093004521D7 /* KryoInputChunked.m */ = {isa = PBXFileReference; fileEncoding = 4; lastKnownFileType = sourcecode.c.objc; path = KryoInputChunked.m; sourceTree = "<group>"; };
		AA2082F6170EE0A1004521D7 /* KryoOutputChunked.h */ = {isa = PBXFileReference; fileEncoding = 4; lastKnownFileType = sourcecode.c.h; path = KryoOutputChunked.h; sourceTree = "<group>"; };
		AA2082F7170EE0A1004521D7 /* KryoOutputChunked.m */ = {isa = PBXFileReference; fileEncoding = 4; lastKnownFileType = sourcecode.c.objc; path = KryoOutputChunked.m; sourceTree = "<group>"; };
		AA36444F1765F5F800C5D31C /* TagAnnotation.h */ = {isa = PBXFileReference; lastKnownFileType = sourcecode.c.h; path = TagAnnotation.h; sourceTree = "<group>"; };
		AA4C17761779ACC0009F6BD0 /* Enum.h */ = {isa = PBXFileReference; fileEncoding = 4; lastKnownFileType = sourcecode.c.h; path = Enum.h; sourceTree = "<group>"; };
		AA4C17771779ACC0009F6BD0 /* Enum.m */ = {isa = PBXFileReference; fileEncoding = 4; lastKnownFileType = sourcecode.c.objc; path = Enum.m; sourceTree = "<group>"; };
		AAA8CBF11B5939D20017A96C /* CollectionsEmptyList.h */ = {isa = PBXFileReference; fileEncoding = 4; lastKnownFileType = sourcecode.c.h; path = CollectionsEmptyList.h; sourceTree = "<group>"; };
		AAA8CBF21B5939D20017A96C /* CollectionsEmptyList.m */ = {isa = PBXFileReference; fileEncoding = 4; lastKnownFileType = sourcecode.c.objc; path = CollectionsEmptyList.m; sourceTree = "<group>"; };
		AAA8CBF41B5939DE0017A96C /* CollectionsEmptySet.h */ = {isa = PBXFileReference; fileEncoding = 4; lastKnownFileType = sourcecode.c.h; path = CollectionsEmptySet.h; sourceTree = "<group>"; };
		AAA8CBF51B5939DE0017A96C /* CollectionsEmptySet.m */ = {isa = PBXFileReference; fileEncoding = 4; lastKnownFileType = sourcecode.c.objc; path = CollectionsEmptySet.m; sourceTree = "<group>"; };
		AAA8CBF71B5939E90017A96C /* CollectionsEmptyMap.h */ = {isa = PBXFileReference; fileEncoding = 4; lastKnownFileType = sourcecode.c.h; path = CollectionsEmptyMap.h; sourceTree = "<group>"; };
		AAA8CBF81B5939E90017A96C /* CollectionsEmptyMap.m */ = {isa = PBXFileReference; fileEncoding = 4; lastKnownFileType = sourcecode.c.objc; path = CollectionsEmptyMap.m; sourceTree = "<group>"; };
		AAA8CBFC1B5956450017A96C /* CollectionsSingletonList.h */ = {isa = PBXFileReference; fileEncoding = 4; lastKnownFileType = sourcecode.c.h; path = CollectionsSingletonList.h; sourceTree = "<group>"; };
		AAA8CBFD1B5956450017A96C /* CollectionsSingletonList.m */ = {isa = PBXFileReference; fileEncoding = 4; lastKnownFileType = sourcecode.c.objc; path = CollectionsSingletonList.m; sourceTree = "<group>"; };
		AAA8CBFE1B5956450017A96C /* CollectionsSingletonMap.h */ = {isa = PBXFileReference; fileEncoding = 4; lastKnownFileType = sourcecode.c.h; path = CollectionsSingletonMap.h; sourceTree = "<group>"; };
		AAA8CBFF1B5956450017A96C /* CollectionsSingletonMap.m */ = {isa = PBXFileReference; fileEncoding = 4; lastKnownFileType = sourcecode.c.objc; path = CollectionsSingletonMap.m; sourceTree = "<group>"; };
		AAA8CC001B5956450017A96C /* CollectionsSingletonSet.h */ = {isa = PBXFileReference; fileEncoding = 4; lastKnownFileType = sourcecode.c.h; path = CollectionsSingletonSet.h; sourceTree = "<group>"; };
		AAA8CC011B5956450017A96C /* CollectionsSingletonSet.m */ = {isa = PBXFileReference; fileEncoding = 4; lastKnownFileType = sourcecode.c.objc; path = CollectionsSingletonSet.m; sourceTree = "<group>"; };
		AAA8CC0E1B5968C20017A96C /* Collections.h */ = {isa = PBXFileReference; fileEncoding = 4; lastKnownFileType = sourcecode.c.h; path = Collections.h; sourceTree = "<group>"; };
		AAA8CC0F1B5968C20017A96C /* Collections.m */ = {isa = PBXFileReference; fileEncoding = 4; lastKnownFileType = sourcecode.c.objc; path = Collections.m; sourceTree = "<group>"; };
		AAD34D8417E8597A005E7F34 /* FinalAnnotation.h */ = {isa = PBXFileReference; lastKnownFileType = sourcecode.c.h; path = FinalAnnotation.h; sourceTree = "<group>"; };
		AAE2A060170F229C00A09229 /* KryoException.h */ = {isa = PBXFileReference; fileEncoding = 4; lastKnownFileType = sourcecode.c.h; path = KryoException.h; sourceTree = "<group>"; };
		AAE2A061170F229C00A09229 /* KryoException.m */ = {isa = PBXFileReference; fileEncoding = 4; lastKnownFileType = sourcecode.c.objc; path = KryoException.m; sourceTree = "<group>"; };
		D308C60E16E76C4700FEBEE9 /* SerializationAnnotation.h */ = {isa = PBXFileReference; lastKnownFileType = sourcecode.c.h; path = SerializationAnnotation.h; sourceTree = "<group>"; };
		D390963216E79A8A0012B221 /* JBoolean.h */ = {isa = PBXFileReference; fileEncoding = 4; lastKnownFileType = sourcecode.c.h; path = JBoolean.h; sourceTree = "<group>"; };
		D390963316E79A8A0012B221 /* JBoolean.m */ = {isa = PBXFileReference; fileEncoding = 4; lastKnownFileType = sourcecode.c.objc; path = JBoolean.m; sourceTree = "<group>"; };
		D390963416E79A8A0012B221 /* JByte.h */ = {isa = PBXFileReference; fileEncoding = 4; lastKnownFileType = sourcecode.c.h; path = JByte.h; sourceTree = "<group>"; };
		D390963516E79A8A0012B221 /* JByte.m */ = {isa = PBXFileReference; fileEncoding = 4; lastKnownFileType = sourcecode.c.objc; path = JByte.m; sourceTree = "<group>"; };
		D390963616E79A8A0012B221 /* JCharacter.h */ = {isa = PBXFileReference; fileEncoding = 4; lastKnownFileType = sourcecode.c.h; path = JCharacter.h; sourceTree = "<group>"; };
		D390963716E79A8A0012B221 /* JCharacter.m */ = {isa = PBXFileReference; fileEncoding = 4; lastKnownFileType = sourcecode.c.objc; path = JCharacter.m; sourceTree = "<group>"; };
		D390963816E79A8A0012B221 /* JDouble.h */ = {isa = PBXFileReference; fileEncoding = 4; lastKnownFileType = sourcecode.c.h; path = JDouble.h; sourceTree = "<group>"; };
		D390963916E79A8A0012B221 /* JDouble.m */ = {isa = PBXFileReference; fileEncoding = 4; lastKnownFileType = sourcecode.c.objc; path = JDouble.m; sourceTree = "<group>"; };
		D390963A16E79A8A0012B221 /* JDoubleArray.h */ = {isa = PBXFileReference; fileEncoding = 4; lastKnownFileType = sourcecode.c.h; path = JDoubleArray.h; sourceTree = "<group>"; };
		D390963B16E79A8A0012B221 /* JDoubleArray.m */ = {isa = PBXFileReference; fileEncoding = 4; lastKnownFileType = sourcecode.c.objc; path = JDoubleArray.m; sourceTree = "<group>"; };
		D390963C16E79A8A0012B221 /* JFloat.h */ = {isa = PBXFileReference; fileEncoding = 4; lastKnownFileType = sourcecode.c.h; path = JFloat.h; sourceTree = "<group>"; };
		D390963D16E79A8A0012B221 /* JFloat.m */ = {isa = PBXFileReference; fileEncoding = 4; lastKnownFileType = sourcecode.c.objc; path = JFloat.m; sourceTree = "<group>"; };
		D390963E16E79A8A0012B221 /* JFloatArray.h */ = {isa = PBXFileReference; fileEncoding = 4; lastKnownFileType = sourcecode.c.h; path = JFloatArray.h; sourceTree = "<group>"; };
		D390963F16E79A8A0012B221 /* JFloatArray.m */ = {isa = PBXFileReference; fileEncoding = 4; lastKnownFileType = sourcecode.c.objc; path = JFloatArray.m; sourceTree = "<group>"; };
		D390964016E79A8A0012B221 /* JInteger.h */ = {isa = PBXFileReference; fileEncoding = 4; lastKnownFileType = sourcecode.c.h; path = JInteger.h; sourceTree = "<group>"; };
		D390964116E79A8A0012B221 /* JInteger.m */ = {isa = PBXFileReference; fileEncoding = 4; lastKnownFileType = sourcecode.c.objc; path = JInteger.m; sourceTree = "<group>"; };
		D390964216E79A8A0012B221 /* JIntegerArray.h */ = {isa = PBXFileReference; fileEncoding = 4; lastKnownFileType = sourcecode.c.h; path = JIntegerArray.h; sourceTree = "<group>"; };
		D390964316E79A8A0012B221 /* JIntegerArray.m */ = {isa = PBXFileReference; fileEncoding = 4; lastKnownFileType = sourcecode.c.objc; path = JIntegerArray.m; sourceTree = "<group>"; };
		D390964416E79A8A0012B221 /* JLong.h */ = {isa = PBXFileReference; fileEncoding = 4; lastKnownFileType = sourcecode.c.h; path = JLong.h; sourceTree = "<group>"; };
		D390964516E79A8A0012B221 /* JLong.m */ = {isa = PBXFileReference; fileEncoding = 4; lastKnownFileType = sourcecode.c.objc; path = JLong.m; sourceTree = "<group>"; };
		D390964616E79A8A0012B221 /* JLongArray.h */ = {isa = PBXFileReference; fileEncoding = 4; lastKnownFileType = sourcecode.c.h; path = JLongArray.h; sourceTree = "<group>"; };
		D390964716E79A8A0012B221 /* JLongArray.m */ = {isa = PBXFileReference; fileEncoding = 4; lastKnownFileType = sourcecode.c.objc; path = JLongArray.m; sourceTree = "<group>"; };
		D390964816E79A8A0012B221 /* JObjectArray.h */ = {isa = PBXFileReference; fileEncoding = 4; lastKnownFileType = sourcecode.c.h; path = JObjectArray.h; sourceTree = "<group>"; };
		D390964916E79A8A0012B221 /* JObjectArray.m */ = {isa = PBXFileReference; fileEncoding = 4; lastKnownFileType = sourcecode.c.objc; path = JObjectArray.m; sourceTree = "<group>"; };
		D390964A16E79A8A0012B221 /* JShort.h */ = {isa = PBXFileReference; fileEncoding = 4; lastKnownFileType = sourcecode.c.h; path = JShort.h; sourceTree = "<group>"; };
		D390964B16E79A8A0012B221 /* JShort.m */ = {isa = PBXFileReference; fileEncoding = 4; lastKnownFileType = sourcecode.c.objc; path = JShort.m; sourceTree = "<group>"; };
		D390964C16E79A8A0012B221 /* JShortArray.h */ = {isa = PBXFileReference; fileEncoding = 4; lastKnownFileType = sourcecode.c.h; path = JShortArray.h; sourceTree = "<group>"; };
		D390964D16E79A8A0012B221 /* JShortArray.m */ = {isa = PBXFileReference; fileEncoding = 4; lastKnownFileType = sourcecode.c.objc; path = JShortArray.m; sourceTree = "<group>"; };
		D390965D16E79D350012B221 /* JBooleanArray.h */ = {isa = PBXFileReference; fileEncoding = 4; lastKnownFileType = sourcecode.c.h; path = JBooleanArray.h; sourceTree = "<group>"; };
		D390965E16E79D360012B221 /* JBooleanArray.m */ = {isa = PBXFileReference; fileEncoding = 4; lastKnownFileType = sourcecode.c.objc; path = JBooleanArray.m; sourceTree = "<group>"; };
		D390966016E79D440012B221 /* JCharacterArray.h */ = {isa = PBXFileReference; fileEncoding = 4; lastKnownFileType = sourcecode.c.h; path = JCharacterArray.h; sourceTree = "<group>"; };
		D390966116E79D450012B221 /* JCharacterArray.m */ = {isa = PBXFileReference; fileEncoding = 4; lastKnownFileType = sourcecode.c.objc; path = JCharacterArray.m; sourceTree = "<group>"; };
		D39ED1BE16E8A98F001AA271 /* JNumeric.h */ = {isa = PBXFileReference; fileEncoding = 4; lastKnownFileType = sourcecode.c.h; path = JNumeric.h; sourceTree = "<group>"; };
		D39ED1BF16E8A98F001AA271 /* JNumeric.m */ = {isa = PBXFileReference; fileEncoding = 4; lastKnownFileType = sourcecode.c.objc; path = JNumeric.m; sourceTree = "<group>"; };
		D3EDD18F16E65FD8005339C3 /* libKryo.a */ = {isa = PBXFileReference; explicitFileType = archive.ar; includeInIndex = 0; path = libKryo.a; sourceTree = BUILT_PRODUCTS_DIR; };
		D3EDD19216E65FD8005339C3 /* Foundation.framework */ = {isa = PBXFileReference; lastKnownFileType = wrapper.framework; name = Foundation.framework; path = System/Library/Frameworks/Foundation.framework; sourceTree = SDKROOT; };
		D3EDD19616E65FD8005339C3 /* Kryo-Prefix.pch */ = {isa = PBXFileReference; lastKnownFileType = sourcecode.c.h; path = "Kryo-Prefix.pch"; sourceTree = "<group>"; };
		D3EDD19716E65FD8005339C3 /* Kryo.h */ = {isa = PBXFileReference; lastKnownFileType = sourcecode.c.h; path = Kryo.h; sourceTree = "<group>"; };
		D3EDD19916E65FD8005339C3 /* Kryo.m */ = {isa = PBXFileReference; lastKnownFileType = sourcecode.c.objc; path = Kryo.m; sourceTree = "<group>"; };
		D3EDD1A316E6604B005339C3 /* ClassResolver.h */ = {isa = PBXFileReference; fileEncoding = 4; lastKnownFileType = sourcecode.c.h; path = ClassResolver.h; sourceTree = "<group>"; };
		D3EDD1A416E6604B005339C3 /* DefaultClassResolver.h */ = {isa = PBXFileReference; fileEncoding = 4; lastKnownFileType = sourcecode.c.h; path = DefaultClassResolver.h; sourceTree = "<group>"; };
		D3EDD1A516E6604B005339C3 /* DefaultClassResolver.m */ = {isa = PBXFileReference; fileEncoding = 4; lastKnownFileType = sourcecode.c.objc; path = DefaultClassResolver.m; sourceTree = "<group>"; };
		D3EDD1A616E6604B005339C3 /* KryoInput.h */ = {isa = PBXFileReference; fileEncoding = 4; lastKnownFileType = sourcecode.c.h; path = KryoInput.h; sourceTree = "<group>"; };
		D3EDD1A716E6604B005339C3 /* KryoInput.m */ = {isa = PBXFileReference; fileEncoding = 4; lastKnownFileType = sourcecode.c.objc; path = KryoInput.m; sourceTree = "<group>"; };
		D3EDD1A816E6604B005339C3 /* KryoOutput.h */ = {isa = PBXFileReference; fileEncoding = 4; lastKnownFileType = sourcecode.c.h; path = KryoOutput.h; sourceTree = "<group>"; };
		D3EDD1A916E6604B005339C3 /* KryoOutput.m */ = {isa = PBXFileReference; fileEncoding = 4; lastKnownFileType = sourcecode.c.objc; path = KryoOutput.m; sourceTree = "<group>"; };
		D3EDD1AA16E6604B005339C3 /* ListReferenceResolver.h */ = {isa = PBXFileReference; fileEncoding = 4; lastKnownFileType = sourcecode.c.h; path = ListReferenceResolver.h; sourceTree = "<group>"; };
		D3EDD1AB16E6604B005339C3 /* ListReferenceResolver.m */ = {isa = PBXFileReference; fileEncoding = 4; lastKnownFileType = sourcecode.c.objc; path = ListReferenceResolver.m; sourceTree = "<group>"; };
		D3EDD1AE16E6604B005339C3 /* ReferenceResolver.h */ = {isa = PBXFileReference; fileEncoding = 4; lastKnownFileType = sourcecode.c.h; path = ReferenceResolver.h; sourceTree = "<group>"; };
		D3EDD1AF16E6604B005339C3 /* Registration.h */ = {isa = PBXFileReference; fileEncoding = 4; lastKnownFileType = sourcecode.c.h; path = Registration.h; sourceTree = "<group>"; };
		D3EDD1B016E6604B005339C3 /* Registration.m */ = {isa = PBXFileReference; fileEncoding = 4; lastKnownFileType = sourcecode.c.objc; path = Registration.m; sourceTree = "<group>"; };
		D3EDD1B116E6604B005339C3 /* Serializer.h */ = {isa = PBXFileReference; fileEncoding = 4; lastKnownFileType = sourcecode.c.h; path = Serializer.h; sourceTree = "<group>"; };
/* End PBXFileReference section */

/* Begin PBXFrameworksBuildPhase section */
		D3EDD18C16E65FD8005339C3 /* Frameworks */ = {
			isa = PBXFrameworksBuildPhase;
			buildActionMask = 2147483647;
			files = (
				D3EDD19316E65FD8005339C3 /* Foundation.framework in Frameworks */,
			);
			runOnlyForDeploymentPostprocessing = 0;
		};
/* End PBXFrameworksBuildPhase section */

/* Begin PBXGroup section */
		D3EDD18616E65FD8005339C3 = {
			isa = PBXGroup;
			children = (
				D3EDD19116E65FD8005339C3 /* Frameworks */,
				D3EDD19416E65FD8005339C3 /* Kryo */,
				D3EDD19016E65FD8005339C3 /* Products */,
			);
			sourceTree = "<group>";
		};
		D3EDD19016E65FD8005339C3 /* Products */ = {
			isa = PBXGroup;
			children = (
				D3EDD18F16E65FD8005339C3 /* libKryo.a */,
			);
			name = Products;
			sourceTree = "<group>";
		};
		D3EDD19116E65FD8005339C3 /* Frameworks */ = {
			isa = PBXGroup;
			children = (
				D3EDD19216E65FD8005339C3 /* Foundation.framework */,
			);
			name = Frameworks;
			sourceTree = "<group>";
		};
		D3EDD19416E65FD8005339C3 /* Kryo */ = {
			isa = PBXGroup;
			children = (
				AA0B23081BCC090D0050AC07 /* ArraySerializer.h */,
				AA0B23091BCC090D0050AC07 /* ArraySerializer.m */,
				D3EDD1A316E6604B005339C3 /* ClassResolver.h */,
				AAA8CC0E1B5968C20017A96C /* Collections.h */,
				AAA8CC0F1B5968C20017A96C /* Collections.m */,
				AAA8CBF11B5939D20017A96C /* CollectionsEmptyList.h */,
				AAA8CBF21B5939D20017A96C /* CollectionsEmptyList.m */,
				AA0B230A1BCC090D0050AC07 /* CollectionsEmptyListSerializer.h */,
				AA0B230B1BCC090D0050AC07 /* CollectionsEmptyListSerializer.m */,
				AAA8CBF71B5939E90017A96C /* CollectionsEmptyMap.h */,
				AAA8CBF81B5939E90017A96C /* CollectionsEmptyMap.m */,
				AA0B230C1BCC090D0050AC07 /* CollectionsEmptyMapSerializer.h */,
				AA0B230D1BCC090D0050AC07 /* CollectionsEmptyMapSerializer.m */,
				AAA8CBF41B5939DE0017A96C /* CollectionsEmptySet.h */,
				AAA8CBF51B5939DE0017A96C /* CollectionsEmptySet.m */,
				AA0B230E1BCC090D0050AC07 /* CollectionsEmptySetSerializer.h */,
				AA0B230F1BCC090D0050AC07 /* CollectionsEmptySetSerializer.m */,
				AAA8CBFC1B5956450017A96C /* CollectionsSingletonList.h */,
				AAA8CBFD1B5956450017A96C /* CollectionsSingletonList.m */,
				AA0B23101BCC090D0050AC07 /* CollectionsSingletonListSerializer.h */,
				AA0B23111BCC090D0050AC07 /* CollectionsSingletonListSerializer.m */,
				AAA8CBFE1B5956450017A96C /* CollectionsSingletonMap.h */,
				AAA8CBFF1B5956450017A96C /* CollectionsSingletonMap.m */,
				AA0B23121BCC090D0050AC07 /* CollectionsSingletonMapSerializer.h */,
				AA0B23131BCC090D0050AC07 /* CollectionsSingletonMapSerializer.m */,
				AAA8CC001B5956450017A96C /* CollectionsSingletonSet.h */,
				AAA8CC011B5956450017A96C /* CollectionsSingletonSet.m */,
				AA0B23141BCC090D0050AC07 /* CollectionsSingletonSetSerializer.h */,
				AA0B23151BCC090D0050AC07 /* CollectionsSingletonSetSerializer.m */,
				AA0B23061BCC08840050AC07 /* CompatibleFieldSerializer.h */,
				AA0B23161BCC090D0050AC07 /* CompatibleFieldSerializer.m */,
				AA0B23171BCC090D0050AC07 /* DataSerializer.h */,
				AA0B23181BCC090D0050AC07 /* DataSerializer.m */,
				AA0B23191BCC090D0050AC07 /* DateSerializer.h */,
				AA0B231A1BCC090D0050AC07 /* DateSerializer.m */,
				D3EDD1A416E6604B005339C3 /* DefaultClassResolver.h */,
				D3EDD1A516E6604B005339C3 /* DefaultClassResolver.m */,
				AA4C17761779ACC0009F6BD0 /* Enum.h */,
				AA4C17771779ACC0009F6BD0 /* Enum.m */,
				AA0B231B1BCC090D0050AC07 /* EnumSerializer.h */,
				AA0B231C1BCC090D0050AC07 /* EnumSerializer.m */,
				AA0B231D1BCC090D0050AC07 /* Field.h */,
				AA0B231E1BCC090D0050AC07 /* Field.m */,
				AA0B23071BCC08840050AC07 /* FieldSerializer.h */,
				AA0B231F1BCC090D0050AC07 /* FieldSerializer.m */,
				AAD34D8417E8597A005E7F34 /* FinalAnnotation.h */,
				D390963216E79A8A0012B221 /* JBoolean.h */,
				D390963316E79A8A0012B221 /* JBoolean.m */,
				D390965D16E79D350012B221 /* JBooleanArray.h */,
				D390965E16E79D360012B221 /* JBooleanArray.m */,
				AA0B23201BCC090E0050AC07 /* JBooleanArraySerializer.h */,
				AA0B23211BCC090E0050AC07 /* JBooleanArraySerializer.m */,
				AA0B23221BCC090E0050AC07 /* JBooleanSerializer.h */,
				AA0B23231BCC090E0050AC07 /* JBooleanSerializer.m */,
				D390963416E79A8A0012B221 /* JByte.h */,
				D390963516E79A8A0012B221 /* JByte.m */,
				AA0B23241BCC090E0050AC07 /* JByteSerializer.h */,
				AA0B23251BCC090E0050AC07 /* JByteSerializer.m */,
				D390963616E79A8A0012B221 /* JCharacter.h */,
				D390963716E79A8A0012B221 /* JCharacter.m */,
				D390966016E79D440012B221 /* JCharacterArray.h */,
				D390966116E79D450012B221 /* JCharacterArray.m */,
				AA0B23261BCC090E0050AC07 /* JCharacterArraySerializer.h */,
				AA0B23271BCC090E0050AC07 /* JCharacterArraySerializer.m */,
				AA0B23281BCC090E0050AC07 /* JCharacterSerializer.h */,
				AA0B23291BCC090E0050AC07 /* JCharacterSerializer.m */,
				D390963816E79A8A0012B221 /* JDouble.h */,
				D390963916E79A8A0012B221 /* JDouble.m */,
				D390963A16E79A8A0012B221 /* JDoubleArray.h */,
				D390963B16E79A8A0012B221 /* JDoubleArray.m */,
				AA0B232A1BCC090E0050AC07 /* JDoubleArraySerializer.h */,
				AA0B232B1BCC090E0050AC07 /* JDoubleArraySerializer.m */,
				AA0B232C1BCC090E0050AC07 /* JDoubleSerializer.h */,
				AA0B232D1BCC090E0050AC07 /* JDoubleSerializer.m */,
				D390963C16E79A8A0012B221 /* JFloat.h */,
				D390963D16E79A8A0012B221 /* JFloat.m */,
				D390963E16E79A8A0012B221 /* JFloatArray.h */,
				D390963F16E79A8A0012B221 /* JFloatArray.m */,
				AA0B232E1BCC090E0050AC07 /* JFloatArraySerializer.h */,
				AA0B232F1BCC090E0050AC07 /* JFloatArraySerializer.m */,
				AA0B23301BCC090E0050AC07 /* JFloatSerializer.h */,
				AA0B23311BCC090E0050AC07 /* JFloatSerializer.m */,
				D390964016E79A8A0012B221 /* JInteger.h */,
				D390964116E79A8A0012B221 /* JInteger.m */,
				D390964216E79A8A0012B221 /* JIntegerArray.h */,
				D390964316E79A8A0012B221 /* JIntegerArray.m */,
				AA0B23321BCC090E0050AC07 /* JIntegerArraySerializer.h */,
				AA0B23331BCC090E0050AC07 /* JIntegerArraySerializer.m */,
				AA0B23341BCC090E0050AC07 /* JIntegerSerializer.h */,
				AA0B23351BCC090E0050AC07 /* JIntegerSerializer.m */,
				D390964416E79A8A0012B221 /* JLong.h */,
				D390964516E79A8A0012B221 /* JLong.m */,
				D390964616E79A8A0012B221 /* JLongArray.h */,
				D390964716E79A8A0012B221 /* JLongArray.m */,
				AA0B23361BCC090E0050AC07 /* JLongArraySerializer.h */,
				AA0B23371BCC090E0050AC07 /* JLongArraySerializer.m */,
				AA0B23381BCC090E0050AC07 /* JLongSerializer.h */,
				AA0B23391BCC090E0050AC07 /* JLongSerializer.m */,
				D39ED1BE16E8A98F001AA271 /* JNumeric.h */,
				D39ED1BF16E8A98F001AA271 /* JNumeric.m */,
				D390964816E79A8A0012B221 /* JObjectArray.h */,
				D390964916E79A8A0012B221 /* JObjectArray.m */,
				AA0B233A1BCC090E0050AC07 /* JObjectArraySerializer.h */,
				AA0B233B1BCC090E0050AC07 /* JObjectArraySerializer.m */,
				D390964A16E79A8A0012B221 /* JShort.h */,
				D390964B16E79A8A0012B221 /* JShort.m */,
				D390964C16E79A8A0012B221 /* JShortArray.h */,
				D390964D16E79A8A0012B221 /* JShortArray.m */,
				AA0B233C1BCC090E0050AC07 /* JShortArraySerializer.h */,
				AA0B233D1BCC090E0050AC07 /* JShortArraySerializer.m */,
				AA0B233E1BCC090E0050AC07 /* JShortSerializer.h */,
				AA0B233F1BCC090E0050AC07 /* JShortSerializer.m */,
				D3EDD19716E65FD8005339C3 /* Kryo.h */,
				D3EDD19916E65FD8005339C3 /* Kryo.m */,
				AAE2A060170F229C00A09229 /* KryoException.h */,
				AAE2A061170F229C00A09229 /* KryoException.m */,
				D3EDD1A616E6604B005339C3 /* KryoInput.h */,
				D3EDD1A716E6604B005339C3 /* KryoInput.m */,
				AA2082F3170EE093004521D7 /* KryoInputChunked.h */,
				AA2082F4170EE093004521D7 /* KryoInputChunked.m */,
				D3EDD1A816E6604B005339C3 /* KryoOutput.h */,
				D3EDD1A916E6604B005339C3 /* KryoOutput.m */,
				AA2082F6170EE0A1004521D7 /* KryoOutputChunked.h */,
				AA2082F7170EE0A1004521D7 /* KryoOutputChunked.m */,
				D3EDD1AA16E6604B005339C3 /* ListReferenceResolver.h */,
				D3EDD1AB16E6604B005339C3 /* ListReferenceResolver.m */,
				AA0B23401BCC090E0050AC07 /* LocaleSerializer.h */,
				AA0B23411BCC090E0050AC07 /* LocaleSerializer.m */,
				AA0B23421BCC090E0050AC07 /* MapSerializer.h */,
				AA0B23431BCC090E0050AC07 /* MapSerializer.m */,
				AA2082F0170ECD5D004521D7 /* ObjectMap.h */,
				AA2082F1170ECD5D004521D7 /* ObjectMap.m */,
				D3EDD1AE16E6604B005339C3 /* ReferenceResolver.h */,
				D3EDD1AF16E6604B005339C3 /* Registration.h */,
				D3EDD1B016E6604B005339C3 /* Registration.m */,
				D308C60E16E76C4700FEBEE9 /* SerializationAnnotation.h */,
				D3EDD1B116E6604B005339C3 /* Serializer.h */,
				AA0B23441BCC090E0050AC07 /* SetSerializer.h */,
				AA0B23451BCC090E0050AC07 /* SetSerializer.m */,
				AA0B23461BCC090E0050AC07 /* StringBuilderSerializer.h */,
				AA0B23471BCC090E0050AC07 /* StringBuilderSerializer.m */,
				AA0B23481BCC090E0050AC07 /* StringSerializer.h */,
				AA0B23491BCC090E0050AC07 /* StringSerializer.m */,
				D3EDD19516E65FD8005339C3 /* Supporting Files */,
				AA36444F1765F5F800C5D31C /* TagAnnotation.h */,
				AA0B234A1BCC090E0050AC07 /* TaggedFieldSerializer.h */,
				AA0B234B1BCC090E0050AC07 /* TaggedFieldSerializer.m */,
			);
			path = Kryo;
			sourceTree = "<group>";
		};
		D3EDD19516E65FD8005339C3 /* Supporting Files */ = {
			isa = PBXGroup;
			children = (
				D3EDD19616E65FD8005339C3 /* Kryo-Prefix.pch */,
			);
			name = "Supporting Files";
			sourceTree = "<group>";
		};
/* End PBXGroup section */

/* Begin PBXNativeTarget section */
		D3EDD18E16E65FD8005339C3 /* Kryo */ = {
			isa = PBXNativeTarget;
			buildConfigurationList = D3EDD19D16E65FD8005339C3 /* Build configuration list for PBXNativeTarget "Kryo" */;
			buildPhases = (
				D3EDD18B16E65FD8005339C3 /* Sources */,
				D3EDD18C16E65FD8005339C3 /* Frameworks */,
				D3EDD18D16E65FD8005339C3 /* CopyFiles */,
			);
			buildRules = (
			);
			dependencies = (
			);
			name = Kryo;
			productName = Kryo;
			productReference = D3EDD18F16E65FD8005339C3 /* libKryo.a */;
			productType = "com.apple.product-type.library.static";
		};
/* End PBXNativeTarget section */

/* Begin PBXProject section */
		D3EDD18716E65FD8005339C3 /* Project object */ = {
			isa = PBXProject;
			attributes = {
				LastSwiftMigration = 0700;
				LastUpgradeCheck = 0700;
				ORGANIZATIONNAME = "Boxx IT Solutions e.K.";
			};
			buildConfigurationList = D3EDD18A16E65FD8005339C3 /* Build configuration list for PBXProject "Kryo" */;
			compatibilityVersion = "Xcode 3.2";
			developmentRegion = English;
			hasScannedForEncodings = 0;
			knownRegions = (
				en,
			);
			mainGroup = D3EDD18616E65FD8005339C3;
			productRefGroup = D3EDD19016E65FD8005339C3 /* Products */;
			projectDirPath = "";
			projectRoot = "";
			targets = (
				D3EDD18E16E65FD8005339C3 /* Kryo */,
			);
		};
/* End PBXProject section */

/* Begin PBXSourcesBuildPhase section */
		D3EDD18B16E65FD8005339C3 /* Sources */ = {
			isa = PBXSourcesBuildPhase;
			buildActionMask = 2147483647;
			files = (
				AA0B236D1BCC090E0050AC07 /* StringSerializer.m in Sources */,
				AA0B236C1BCC090E0050AC07 /* StringBuilderSerializer.m in Sources */,
				AA0B234D1BCC090E0050AC07 /* CollectionsEmptyListSerializer.m in Sources */,
				AA0B23571BCC090E0050AC07 /* Field.m in Sources */,
				AA0B236A1BCC090E0050AC07 /* MapSerializer.m in Sources */,
				D3EDD19A16E65FD8005339C3 /* Kryo.m in Sources */,
				AA0B234E1BCC090E0050AC07 /* CollectionsEmptyMapSerializer.m in Sources */,
				D3EDD1B216E6604B005339C3 /* DefaultClassResolver.m in Sources */,
				AA0B23551BCC090E0050AC07 /* DateSerializer.m in Sources */,
				D3EDD1B316E6604B005339C3 /* KryoInput.m in Sources */,
				AA0B23561BCC090E0050AC07 /* EnumSerializer.m in Sources */,
				AAA8CC021B5956450017A96C /* CollectionsSingletonList.m in Sources */,
				D3EDD1B416E6604B005339C3 /* KryoOutput.m in Sources */,
				D3EDD1B516E6604B005339C3 /* ListReferenceResolver.m in Sources */,
				AA0B236E1BCC090E0050AC07 /* TaggedFieldSerializer.m in Sources */,
				D3EDD1B716E6604B005339C3 /* Registration.m in Sources */,
				AAA8CC041B5956450017A96C /* CollectionsSingletonSet.m in Sources */,
				AAA8CC101B5968C20017A96C /* Collections.m in Sources */,
				AA0B23541BCC090E0050AC07 /* DataSerializer.m in Sources */,
				AA0B235B1BCC090E0050AC07 /* JByteSerializer.m in Sources */,
				AA0B235A1BCC090E0050AC07 /* JBooleanSerializer.m in Sources */,
				AAA8CBF91B5939E90017A96C /* CollectionsEmptyMap.m in Sources */,
				D390964E16E79A8A0012B221 /* JBoolean.m in Sources */,
				AA0B23601BCC090E0050AC07 /* JFloatArraySerializer.m in Sources */,
				D390964F16E79A8A0012B221 /* JByte.m in Sources */,
				AA0B23521BCC090E0050AC07 /* CollectionsSingletonSetSerializer.m in Sources */,
				AA0B235E1BCC090E0050AC07 /* JDoubleArraySerializer.m in Sources */,
				D390965016E79A8A0012B221 /* JCharacter.m in Sources */,
				D390965116E79A8A0012B221 /* JDouble.m in Sources */,
				D390965216E79A8A0012B221 /* JDoubleArray.m in Sources */,
				D390965316E79A8A0012B221 /* JFloat.m in Sources */,
				D390965416E79A8A0012B221 /* JFloatArray.m in Sources */,
				AA0B23611BCC090E0050AC07 /* JFloatSerializer.m in Sources */,
				AA0B235F1BCC090E0050AC07 /* JDoubleSerializer.m in Sources */,
				AA0B23511BCC090E0050AC07 /* CollectionsSingletonMapSerializer.m in Sources */,
				D390965516E79A8A0012B221 /* JInteger.m in Sources */,
				AA0B23691BCC090E0050AC07 /* LocaleSerializer.m in Sources */,
				AA0B23581BCC090E0050AC07 /* FieldSerializer.m in Sources */,
				AA0B23681BCC090E0050AC07 /* JShortSerializer.m in Sources */,
				AAA8CBF31B5939D20017A96C /* CollectionsEmptyList.m in Sources */,
				D390965616E79A8A0012B221 /* JIntegerArray.m in Sources */,
				AAA8CC031B5956450017A96C /* CollectionsSingletonMap.m in Sources */,
				AA0B23651BCC090E0050AC07 /* JLongSerializer.m in Sources */,
				D390965716E79A8A0012B221 /* JLong.m in Sources */,
				D390965816E79A8A0012B221 /* JLongArray.m in Sources */,
				D390965916E79A8A0012B221 /* JObjectArray.m in Sources */,
				D390965A16E79A8A0012B221 /* JShort.m in Sources */,
				AA0B23641BCC090E0050AC07 /* JLongArraySerializer.m in Sources */,
				AA0B235D1BCC090E0050AC07 /* JCharacterSerializer.m in Sources */,
				AA0B236B1BCC090E0050AC07 /* SetSerializer.m in Sources */,
				AAA8CBF61B5939DE0017A96C /* CollectionsEmptySet.m in Sources */,
				AA0B23631BCC090E0050AC07 /* JIntegerSerializer.m in Sources */,
				AA0B23671BCC090E0050AC07 /* JShortArraySerializer.m in Sources */,
				D390965B16E79A8A0012B221 /* JShortArray.m in Sources */,
				D390965F16E79D370012B221 /* JBooleanArray.m in Sources */,
				AA0B23531BCC090E0050AC07 /* CompatibleFieldSerializer.m in Sources */,
				D390966216E79D460012B221 /* JCharacterArray.m in Sources */,
				AA0B234C1BCC090E0050AC07 /* ArraySerializer.m in Sources */,
				AA0B23621BCC090E0050AC07 /* JIntegerArraySerializer.m in Sources */,
				D39ED1C016E8A98F001AA271 /* JNumeric.m in Sources */,
				AA2082F2170ECD5D004521D7 /* ObjectMap.m in Sources */,
				AA2082F5170EE093004521D7 /* KryoInputChunked.m in Sources */,
				AA0B234F1BCC090E0050AC07 /* CollectionsEmptySetSerializer.m in Sources */,
				AA0B23661BCC090E0050AC07 /* JObjectArraySerializer.m in Sources */,
				AA2082F8170EE0A1004521D7 /* KryoOutputChunked.m in Sources */,
				AA0B23591BCC090E0050AC07 /* JBooleanArraySerializer.m in Sources */,
				AAE2A062170F229C00A09229 /* KryoException.m in Sources */,
				AA4C17781779ACC0009F6BD0 /* Enum.m in Sources */,
				AA0B235C1BCC090E0050AC07 /* JCharacterArraySerializer.m in Sources */,
				AA0B23501BCC090E0050AC07 /* CollectionsSingletonListSerializer.m in Sources */,
			);
			runOnlyForDeploymentPostprocessing = 0;
		};
/* End PBXSourcesBuildPhase section */

/* Begin XCBuildConfiguration section */
		D3EDD19B16E65FD8005339C3 /* Debug */ = {
			isa = XCBuildConfiguration;
			buildSettings = {
				ALWAYS_SEARCH_USER_PATHS = NO;
				CLANG_CXX_LANGUAGE_STANDARD = "gnu++0x";
				CLANG_CXX_LIBRARY = "libc++";
				CLANG_ENABLE_OBJC_ARC = YES;
				CLANG_WARN_CONSTANT_CONVERSION = YES;
				CLANG_WARN_EMPTY_BODY = YES;
				CLANG_WARN_ENUM_CONVERSION = YES;
				CLANG_WARN_INT_CONVERSION = YES;
				CLANG_WARN__DUPLICATE_METHOD_MATCH = YES;
				COPY_PHASE_STRIP = NO;
				ENABLE_TESTABILITY = YES;
				GCC_C_LANGUAGE_STANDARD = gnu99;
				GCC_DYNAMIC_NO_PIC = NO;
				GCC_OPTIMIZATION_LEVEL = 0;
				GCC_PREPROCESSOR_DEFINITIONS = (
					"DEBUG=1",
					"$(inherited)",
				);
				GCC_SYMBOLS_PRIVATE_EXTERN = NO;
				GCC_WARN_ABOUT_RETURN_TYPE = YES;
				GCC_WARN_UNINITIALIZED_AUTOS = YES;
				GCC_WARN_UNUSED_VARIABLE = YES;
				IPHONEOS_DEPLOYMENT_TARGET = 6.0;
				ONLY_ACTIVE_ARCH = YES;
				SDKROOT = iphoneos;
			};
			name = Debug;
		};
		D3EDD19C16E65FD8005339C3 /* Release */ = {
			isa = XCBuildConfiguration;
			buildSettings = {
				ALWAYS_SEARCH_USER_PATHS = NO;
				CLANG_CXX_LANGUAGE_STANDARD = "gnu++0x";
				CLANG_CXX_LIBRARY = "libc++";
				CLANG_ENABLE_OBJC_ARC = YES;
				CLANG_WARN_CONSTANT_CONVERSION = YES;
				CLANG_WARN_EMPTY_BODY = YES;
				CLANG_WARN_ENUM_CONVERSION = YES;
				CLANG_WARN_INT_CONVERSION = YES;
				CLANG_WARN__DUPLICATE_METHOD_MATCH = YES;
				COPY_PHASE_STRIP = YES;
				GCC_C_LANGUAGE_STANDARD = gnu99;
				GCC_WARN_ABOUT_RETURN_TYPE = YES;
				GCC_WARN_UNINITIALIZED_AUTOS = YES;
				GCC_WARN_UNUSED_VARIABLE = YES;
				IPHONEOS_DEPLOYMENT_TARGET = 6.0;
				SDKROOT = iphoneos;
				VALIDATE_PRODUCT = YES;
			};
			name = Release;
		};
		D3EDD19E16E65FD8005339C3 /* Debug */ = {
			isa = XCBuildConfiguration;
			buildSettings = {
				DSTROOT = /tmp/Kryo.dst;
				GCC_PRECOMPILE_PREFIX_HEADER = YES;
				GCC_PREFIX_HEADER = "Kryo/Kryo-Prefix.pch";
				OTHER_LDFLAGS = "";
				PRODUCT_NAME = "$(TARGET_NAME)";
				SKIP_INSTALL = YES;
			};
			name = Debug;
		};
		D3EDD19F16E65FD8005339C3 /* Release */ = {
			isa = XCBuildConfiguration;
			buildSettings = {
				DSTROOT = /tmp/Kryo.dst;
				GCC_PRECOMPILE_PREFIX_HEADER = YES;
				GCC_PREFIX_HEADER = "Kryo/Kryo-Prefix.pch";
				OTHER_LDFLAGS = "";
				PRODUCT_NAME = "$(TARGET_NAME)";
				SKIP_INSTALL = YES;
			};
			name = Release;
		};
/* End XCBuildConfiguration section */

/* Begin XCConfigurationList section */
		D3EDD18A16E65FD8005339C3 /* Build configuration list for PBXProject "Kryo" */ = {
			isa = XCConfigurationList;
			buildConfigurations = (
				D3EDD19B16E65FD8005339C3 /* Debug */,
				D3EDD19C16E65FD8005339C3 /* Release */,
			);
			defaultConfigurationIsVisible = 0;
			defaultConfigurationName = Release;
		};
		D3EDD19D16E65FD8005339C3 /* Build configuration list for PBXNativeTarget "Kryo" */ = {
			isa = XCConfigurationList;
			buildConfigurations = (
				D3EDD19E16E65FD8005339C3 /* Debug */,
				D3EDD19F16E65FD8005339C3 /* Release */,
			);
			defaultConfigurationIsVisible = 0;
			defaultConfigurationName = Release;
		};
/* End XCConfigurationList section */
	};
	rootObject = D3EDD18716E65FD8005339C3 /* Project object */;
}
